{
  "name": "wantHave_backend",
  "lockfileVersion": 3,
  "requires": true,
  "packages": {
    "": {
      "dependencies": {
        "@stripe/stripe-js": "^8.6.3"
      }
    },
    "node_modules/@stripe/stripe-js": {
      "version": "8.6.3",
      "resolved": "https://registry.npmjs.org/@stripe/stripe-js/-/stripe-js-8.6.3.tgz",
      "integrity": "sha512-MQsPNsMMprOu+p+BWYvD69aPjD52yQNXZaENRQX7IkbWqu7lp9k04D+RPeHWJEsuyzmCCoHx3Kqqf3tcXPoNvQ==",
      "license": "MIT",
      "engines": {
        "node": ">=12.16"
      }
    }
  }
}
